
Microsoft Visual Studio Solution File, Format Version 12.00
# Visual Studio Version 17
VisualStudioVersion = 17.2.32516.85
MinimumVisualStudioVersion = 10.0.40219.1
Project("{FAE04EC0-301F-11D3-BF4B-00C04F79EFBC}") = "EMI", "EMI\EMI.csproj", "{E73775B8-58DD-45A6-A686-BD5878F7E5CA}"
EndProject
Project("{FAE04EC0-301F-11D3-BF4B-00C04F79EFBC}") = "SmartPackager", "..\SmartPackager\SmartPackager\SmartPackager.csproj", "{7BB03A3C-B5ED-474D-89B0-C457630C5CFE}"
EndProject
Project("{FAE04EC0-301F-11D3-BF4B-00C04F79EFBC}") = "EMI.SyncInterface", "EMI.SyncInteface\EMI.SyncInterface.csproj", "{F0668ED0-3407-49C9-9C96-C32408E10C9F}"
EndProject
Project("{FAE04EC0-301F-11D3-BF4B-00C04F79EFBC}") = "TestSyncInterface", "TestSyncInterface\TestSyncInterface.csproj", "{9E1B1F62-C2F4-4F84-9523-4842B014289D}"
EndProject
Project("{9A19103F-16F7-4668-BE54-9A1E7A4F7556}") = "EMI.Test", "EMI.Test\EMI.Test.csproj", "{A77052B7-B2C3-4CDB-8FE7-D25D1317EF1B}"
EndProject
Project("{2150E333-8FDC-42A3-9474-1A3956D46DE8}") = "Test", "Test", "{2B74D10D-0A6B-4E98-A9B6-F1A857948C19}"
EndProject
Project("{2150E333-8FDC-42A3-9474-1A3956D46DE8}") = "Libs", "Libs", "{AAC13F4A-49B2-433D-BE97-31C49D06B09A}"
EndProject
Project("{FAE04EC0-301F-11D3-BF4B-00C04F79EFBC}") = "EMI.DebugServer", "EMI.DebugServer\EMI.DebugServer.csproj", "{9380DB8F-AD7D-4FF8-BE16-E692D0C39D57}"
EndProject
Project("{9A19103F-16F7-4668-BE54-9A1E7A4F7556}") = "EMI.Debugger", "EMI.Debugger\EMI.Debugger.csproj", "{DDA27D37-B2EE-4CB8-B782-97E746AF804C}"
EndProject
Project("{FAE04EC0-301F-11D3-BF4B-00C04F79EFBC}") = "EMI.NetStream", "EMI.NetStream\EMI.NetStream.csproj", "{0005301B-37DC-4BA5-A60B-56E827717A78}"
EndProject
Project("{9A19103F-16F7-4668-BE54-9A1E7A4F7556}") = "TestNetFileStream", "TestNetFileStream\TestNetFileStream.csproj", "{9D0222D8-3620-499D-8288-8F58894267E0}"
EndProject
Project("{2150E333-8FDC-42A3-9474-1A3956D46DE8}") = "Элементы решения", "Элементы решения", "{90E47AA7-D8B2-482B-83BD-625D60D0B298}"
	ProjectSection(SolutionItems) = preProject
		LICENSE.txt = LICENSE.txt
		README.md = README.md
	EndProjectSection
EndProject
Project("{FAE04EC0-301F-11D3-BF4B-00C04F79EFBC}") = "EMI.NetTCPV3", "EMI.NetTCPV3\EMI.NetTCPV3.csproj", "{690C9063-3950-49B7-94D8-EDADA832C8F4}"
EndProject
Project("{2150E333-8FDC-42A3-9474-1A3956D46DE8}") = "Network Plugs", "Network Plugs", "{E4B941B2-E40C-4B8B-B8B5-6D8799C680EB}"
	ProjectSection(SolutionItems) = preProject
		Readmy.txt = Readmy.txt
	EndProjectSection
EndProject
Project("{9A19103F-16F7-4668-BE54-9A1E7A4F7556}") = "Test.NetTCP", "Test.NetTCP\Test.NetTCP.csproj", "{E2900184-EAA1-4708-AE68-41D3C747AB7C}"
EndProject
Project("{FAE04EC0-301F-11D3-BF4B-00C04F79EFBC}") = "EMI.NetUDP", "EMI.NetUDP\EMI.NetUDP.csproj", "{AD80A337-DB71-4665-96EF-88185326A0E2}"
EndProject
Project("{FAE04EC0-301F-11D3-BF4B-00C04F79EFBC}") = "Test.NetUDP", "Test.NetUDP\Test.NetUDP.csproj", "{5363AE2E-085D-4A1C-9042-16B44679E3E2}"
EndProject
Global
	GlobalSection(SolutionConfigurationPlatforms) = preSolution
		Debug|Any CPU = Debug|Any CPU
		Debug|x64 = Debug|x64
		Debug|x86 = Debug|x86
		Release|Any CPU = Release|Any CPU
		Release|x64 = Release|x64
		Release|x86 = Release|x86
		Unity|Any CPU = Unity|Any CPU
		Unity|x64 = Unity|x64
		Unity|x86 = Unity|x86
	EndGlobalSection
	GlobalSection(ProjectConfigurationPlatforms) = postSolution
		{E73775B8-58DD-45A6-A686-BD5878F7E5CA}.Debug|Any CPU.ActiveCfg = Debug|Any CPU
		{E73775B8-58DD-45A6-A686-BD5878F7E5CA}.Debug|Any CPU.Build.0 = Debug|Any CPU
		{E73775B8-58DD-45A6-A686-BD5878F7E5CA}.Debug|x64.ActiveCfg = Debug|Any CPU
		{E73775B8-58DD-45A6-A686-BD5878F7E5CA}.Debug|x64.Build.0 = Debug|Any CPU
		{E73775B8-58DD-45A6-A686-BD5878F7E5CA}.Debug|x86.ActiveCfg = Debug|Any CPU
		{E73775B8-58DD-45A6-A686-BD5878F7E5CA}.Debug|x86.Build.0 = Debug|Any CPU
		{E73775B8-58DD-45A6-A686-BD5878F7E5CA}.Release|Any CPU.ActiveCfg = Release|Any CPU
		{E73775B8-58DD-45A6-A686-BD5878F7E5CA}.Release|Any CPU.Build.0 = Release|Any CPU
		{E73775B8-58DD-45A6-A686-BD5878F7E5CA}.Release|x64.ActiveCfg = Release|Any CPU
		{E73775B8-58DD-45A6-A686-BD5878F7E5CA}.Release|x64.Build.0 = Release|Any CPU
		{E73775B8-58DD-45A6-A686-BD5878F7E5CA}.Release|x86.ActiveCfg = Release|Any CPU
		{E73775B8-58DD-45A6-A686-BD5878F7E5CA}.Release|x86.Build.0 = Release|Any CPU
		{E73775B8-58DD-45A6-A686-BD5878F7E5CA}.Unity|Any CPU.ActiveCfg = Release|Any CPU
		{E73775B8-58DD-45A6-A686-BD5878F7E5CA}.Unity|Any CPU.Build.0 = Release|Any CPU
		{E73775B8-58DD-45A6-A686-BD5878F7E5CA}.Unity|x64.ActiveCfg = Unity|Any CPU
		{E73775B8-58DD-45A6-A686-BD5878F7E5CA}.Unity|x64.Build.0 = Unity|Any CPU
		{E73775B8-58DD-45A6-A686-BD5878F7E5CA}.Unity|x86.ActiveCfg = Unity|Any CPU
		{E73775B8-58DD-45A6-A686-BD5878F7E5CA}.Unity|x86.Build.0 = Unity|Any CPU
		{7BB03A3C-B5ED-474D-89B0-C457630C5CFE}.Debug|Any CPU.ActiveCfg = Debug|Any CPU
		{7BB03A3C-B5ED-474D-89B0-C457630C5CFE}.Debug|Any CPU.Build.0 = Debug|Any CPU
		{7BB03A3C-B5ED-474D-89B0-C457630C5CFE}.Debug|x64.ActiveCfg = Debug|Any CPU
		{7BB03A3C-B5ED-474D-89B0-C457630C5CFE}.Debug|x64.Build.0 = Debug|Any CPU
		{7BB03A3C-B5ED-474D-89B0-C457630C5CFE}.Debug|x86.ActiveCfg = Debug|Any CPU
		{7BB03A3C-B5ED-474D-89B0-C457630C5CFE}.Debug|x86.Build.0 = Debug|Any CPU
		{7BB03A3C-B5ED-474D-89B0-C457630C5CFE}.Release|Any CPU.ActiveCfg = Release|Any CPU
		{7BB03A3C-B5ED-474D-89B0-C457630C5CFE}.Release|Any CPU.Build.0 = Release|Any CPU
		{7BB03A3C-B5ED-474D-89B0-C457630C5CFE}.Release|x64.ActiveCfg = Release|Any CPU
		{7BB03A3C-B5ED-474D-89B0-C457630C5CFE}.Release|x64.Build.0 = Release|Any CPU
		{7BB03A3C-B5ED-474D-89B0-C457630C5CFE}.Release|x86.ActiveCfg = Release|Any CPU
		{7BB03A3C-B5ED-474D-89B0-C457630C5CFE}.Release|x86.Build.0 = Release|Any CPU
		{7BB03A3C-B5ED-474D-89B0-C457630C5CFE}.Unity|Any CPU.ActiveCfg = Unity|Any CPU
		{7BB03A3C-B5ED-474D-89B0-C457630C5CFE}.Unity|Any CPU.Build.0 = Unity|Any CPU
		{7BB03A3C-B5ED-474D-89B0-C457630C5CFE}.Unity|x64.ActiveCfg = Unity|Any CPU
		{7BB03A3C-B5ED-474D-89B0-C457630C5CFE}.Unity|x64.Build.0 = Unity|Any CPU
		{7BB03A3C-B5ED-474D-89B0-C457630C5CFE}.Unity|x86.ActiveCfg = Unity|Any CPU
		{7BB03A3C-B5ED-474D-89B0-C457630C5CFE}.Unity|x86.Build.0 = Unity|Any CPU
		{F0668ED0-3407-49C9-9C96-C32408E10C9F}.Debug|Any CPU.ActiveCfg = Debug|Any CPU
		{F0668ED0-3407-49C9-9C96-C32408E10C9F}.Debug|Any CPU.Build.0 = Debug|Any CPU
		{F0668ED0-3407-49C9-9C96-C32408E10C9F}.Debug|x64.ActiveCfg = Debug|Any CPU
		{F0668ED0-3407-49C9-9C96-C32408E10C9F}.Debug|x64.Build.0 = Debug|Any CPU
		{F0668ED0-3407-49C9-9C96-C32408E10C9F}.Debug|x86.ActiveCfg = Debug|Any CPU
		{F0668ED0-3407-49C9-9C96-C32408E10C9F}.Debug|x86.Build.0 = Debug|Any CPU
		{F0668ED0-3407-49C9-9C96-C32408E10C9F}.Release|Any CPU.ActiveCfg = Release|Any CPU
		{F0668ED0-3407-49C9-9C96-C32408E10C9F}.Release|Any CPU.Build.0 = Release|Any CPU
		{F0668ED0-3407-49C9-9C96-C32408E10C9F}.Release|x64.ActiveCfg = Release|Any CPU
		{F0668ED0-3407-49C9-9C96-C32408E10C9F}.Release|x64.Build.0 = Release|Any CPU
		{F0668ED0-3407-49C9-9C96-C32408E10C9F}.Release|x86.ActiveCfg = Release|Any CPU
		{F0668ED0-3407-49C9-9C96-C32408E10C9F}.Release|x86.Build.0 = Release|Any CPU
		{F0668ED0-3407-49C9-9C96-C32408E10C9F}.Unity|Any CPU.ActiveCfg = Release|Any CPU
		{F0668ED0-3407-49C9-9C96-C32408E10C9F}.Unity|Any CPU.Build.0 = Release|Any CPU
		{F0668ED0-3407-49C9-9C96-C32408E10C9F}.Unity|x64.ActiveCfg = Unity|Any CPU
		{F0668ED0-3407-49C9-9C96-C32408E10C9F}.Unity|x64.Build.0 = Unity|Any CPU
		{F0668ED0-3407-49C9-9C96-C32408E10C9F}.Unity|x86.ActiveCfg = Unity|Any CPU
		{F0668ED0-3407-49C9-9C96-C32408E10C9F}.Unity|x86.Build.0 = Unity|Any CPU
		{9E1B1F62-C2F4-4F84-9523-4842B014289D}.Debug|Any CPU.ActiveCfg = Debug|Any CPU
		{9E1B1F62-C2F4-4F84-9523-4842B014289D}.Debug|Any CPU.Build.0 = Debug|Any CPU
		{9E1B1F62-C2F4-4F84-9523-4842B014289D}.Debug|x64.ActiveCfg = Debug|Any CPU
		{9E1B1F62-C2F4-4F84-9523-4842B014289D}.Debug|x64.Build.0 = Debug|Any CPU
		{9E1B1F62-C2F4-4F84-9523-4842B014289D}.Debug|x86.ActiveCfg = Debug|Any CPU
		{9E1B1F62-C2F4-4F84-9523-4842B014289D}.Debug|x86.Build.0 = Debug|Any CPU
		{9E1B1F62-C2F4-4F84-9523-4842B014289D}.Release|Any CPU.ActiveCfg = Release|Any CPU
		{9E1B1F62-C2F4-4F84-9523-4842B014289D}.Release|Any CPU.Build.0 = Release|Any CPU
		{9E1B1F62-C2F4-4F84-9523-4842B014289D}.Release|x64.ActiveCfg = Release|Any CPU
		{9E1B1F62-C2F4-4F84-9523-4842B014289D}.Release|x64.Build.0 = Release|Any CPU
		{9E1B1F62-C2F4-4F84-9523-4842B014289D}.Release|x86.ActiveCfg = Release|Any CPU
		{9E1B1F62-C2F4-4F84-9523-4842B014289D}.Release|x86.Build.0 = Release|Any CPU
		{9E1B1F62-C2F4-4F84-9523-4842B014289D}.Unity|Any CPU.ActiveCfg = Release|Any CPU
		{9E1B1F62-C2F4-4F84-9523-4842B014289D}.Unity|Any CPU.Build.0 = Release|Any CPU
		{9E1B1F62-C2F4-4F84-9523-4842B014289D}.Unity|x64.ActiveCfg = Unity|Any CPU
		{9E1B1F62-C2F4-4F84-9523-4842B014289D}.Unity|x64.Build.0 = Unity|Any CPU
		{9E1B1F62-C2F4-4F84-9523-4842B014289D}.Unity|x86.ActiveCfg = Unity|Any CPU
		{9E1B1F62-C2F4-4F84-9523-4842B014289D}.Unity|x86.Build.0 = Unity|Any CPU
		{A77052B7-B2C3-4CDB-8FE7-D25D1317EF1B}.Debug|Any CPU.ActiveCfg = Debug|Any CPU
		{A77052B7-B2C3-4CDB-8FE7-D25D1317EF1B}.Debug|Any CPU.Build.0 = Debug|Any CPU
		{A77052B7-B2C3-4CDB-8FE7-D25D1317EF1B}.Debug|x64.ActiveCfg = Debug|Any CPU
		{A77052B7-B2C3-4CDB-8FE7-D25D1317EF1B}.Debug|x64.Build.0 = Debug|Any CPU
		{A77052B7-B2C3-4CDB-8FE7-D25D1317EF1B}.Debug|x86.ActiveCfg = Debug|Any CPU
		{A77052B7-B2C3-4CDB-8FE7-D25D1317EF1B}.Debug|x86.Build.0 = Debug|Any CPU
		{A77052B7-B2C3-4CDB-8FE7-D25D1317EF1B}.Release|Any CPU.ActiveCfg = Release|Any CPU
		{A77052B7-B2C3-4CDB-8FE7-D25D1317EF1B}.Release|Any CPU.Build.0 = Release|Any CPU
		{A77052B7-B2C3-4CDB-8FE7-D25D1317EF1B}.Release|x64.ActiveCfg = Release|Any CPU
		{A77052B7-B2C3-4CDB-8FE7-D25D1317EF1B}.Release|x64.Build.0 = Release|Any CPU
		{A77052B7-B2C3-4CDB-8FE7-D25D1317EF1B}.Release|x86.ActiveCfg = Release|Any CPU
		{A77052B7-B2C3-4CDB-8FE7-D25D1317EF1B}.Release|x86.Build.0 = Release|Any CPU
		{A77052B7-B2C3-4CDB-8FE7-D25D1317EF1B}.Unity|Any CPU.ActiveCfg = Release|Any CPU
		{A77052B7-B2C3-4CDB-8FE7-D25D1317EF1B}.Unity|Any CPU.Build.0 = Release|Any CPU
		{A77052B7-B2C3-4CDB-8FE7-D25D1317EF1B}.Unity|x64.ActiveCfg = Unity|Any CPU
		{A77052B7-B2C3-4CDB-8FE7-D25D1317EF1B}.Unity|x64.Build.0 = Unity|Any CPU
		{A77052B7-B2C3-4CDB-8FE7-D25D1317EF1B}.Unity|x86.ActiveCfg = Unity|Any CPU
		{A77052B7-B2C3-4CDB-8FE7-D25D1317EF1B}.Unity|x86.Build.0 = Unity|Any CPU
		{9380DB8F-AD7D-4FF8-BE16-E692D0C39D57}.Debug|Any CPU.ActiveCfg = Debug|Any CPU
		{9380DB8F-AD7D-4FF8-BE16-E692D0C39D57}.Debug|Any CPU.Build.0 = Debug|Any CPU
		{9380DB8F-AD7D-4FF8-BE16-E692D0C39D57}.Debug|x64.ActiveCfg = Debug|Any CPU
		{9380DB8F-AD7D-4FF8-BE16-E692D0C39D57}.Debug|x64.Build.0 = Debug|Any CPU
		{9380DB8F-AD7D-4FF8-BE16-E692D0C39D57}.Debug|x86.ActiveCfg = Debug|Any CPU
		{9380DB8F-AD7D-4FF8-BE16-E692D0C39D57}.Debug|x86.Build.0 = Debug|Any CPU
		{9380DB8F-AD7D-4FF8-BE16-E692D0C39D57}.Release|Any CPU.ActiveCfg = Release|Any CPU
		{9380DB8F-AD7D-4FF8-BE16-E692D0C39D57}.Release|Any CPU.Build.0 = Release|Any CPU
		{9380DB8F-AD7D-4FF8-BE16-E692D0C39D57}.Release|x64.ActiveCfg = Release|Any CPU
		{9380DB8F-AD7D-4FF8-BE16-E692D0C39D57}.Release|x64.Build.0 = Release|Any CPU
		{9380DB8F-AD7D-4FF8-BE16-E692D0C39D57}.Release|x86.ActiveCfg = Release|Any CPU
		{9380DB8F-AD7D-4FF8-BE16-E692D0C39D57}.Release|x86.Build.0 = Release|Any CPU
		{9380DB8F-AD7D-4FF8-BE16-E692D0C39D57}.Unity|Any CPU.ActiveCfg = Release|Any CPU
		{9380DB8F-AD7D-4FF8-BE16-E692D0C39D57}.Unity|Any CPU.Build.0 = Release|Any CPU
		{9380DB8F-AD7D-4FF8-BE16-E692D0C39D57}.Unity|x64.ActiveCfg = Unity|Any CPU
		{9380DB8F-AD7D-4FF8-BE16-E692D0C39D57}.Unity|x64.Build.0 = Unity|Any CPU
		{9380DB8F-AD7D-4FF8-BE16-E692D0C39D57}.Unity|x86.ActiveCfg = Unity|Any CPU
		{9380DB8F-AD7D-4FF8-BE16-E692D0C39D57}.Unity|x86.Build.0 = Unity|Any CPU
		{DDA27D37-B2EE-4CB8-B782-97E746AF804C}.Debug|Any CPU.ActiveCfg = Debug|Any CPU
		{DDA27D37-B2EE-4CB8-B782-97E746AF804C}.Debug|Any CPU.Build.0 = Debug|Any CPU
		{DDA27D37-B2EE-4CB8-B782-97E746AF804C}.Debug|x64.ActiveCfg = Debug|Any CPU
		{DDA27D37-B2EE-4CB8-B782-97E746AF804C}.Debug|x64.Build.0 = Debug|Any CPU
		{DDA27D37-B2EE-4CB8-B782-97E746AF804C}.Debug|x86.ActiveCfg = Debug|Any CPU
		{DDA27D37-B2EE-4CB8-B782-97E746AF804C}.Debug|x86.Build.0 = Debug|Any CPU
		{DDA27D37-B2EE-4CB8-B782-97E746AF804C}.Release|Any CPU.ActiveCfg = Release|Any CPU
		{DDA27D37-B2EE-4CB8-B782-97E746AF804C}.Release|Any CPU.Build.0 = Release|Any CPU
		{DDA27D37-B2EE-4CB8-B782-97E746AF804C}.Release|x64.ActiveCfg = Release|Any CPU
		{DDA27D37-B2EE-4CB8-B782-97E746AF804C}.Release|x64.Build.0 = Release|Any CPU
		{DDA27D37-B2EE-4CB8-B782-97E746AF804C}.Release|x86.ActiveCfg = Release|Any CPU
		{DDA27D37-B2EE-4CB8-B782-97E746AF804C}.Release|x86.Build.0 = Release|Any CPU
		{DDA27D37-B2EE-4CB8-B782-97E746AF804C}.Unity|Any CPU.ActiveCfg = Release|Any CPU
		{DDA27D37-B2EE-4CB8-B782-97E746AF804C}.Unity|Any CPU.Build.0 = Release|Any CPU
		{DDA27D37-B2EE-4CB8-B782-97E746AF804C}.Unity|x64.ActiveCfg = Unity|Any CPU
		{DDA27D37-B2EE-4CB8-B782-97E746AF804C}.Unity|x64.Build.0 = Unity|Any CPU
		{DDA27D37-B2EE-4CB8-B782-97E746AF804C}.Unity|x86.ActiveCfg = Unity|Any CPU
		{DDA27D37-B2EE-4CB8-B782-97E746AF804C}.Unity|x86.Build.0 = Unity|Any CPU
		{0005301B-37DC-4BA5-A60B-56E827717A78}.Debug|Any CPU.ActiveCfg = Debug|Any CPU
		{0005301B-37DC-4BA5-A60B-56E827717A78}.Debug|Any CPU.Build.0 = Debug|Any CPU
		{0005301B-37DC-4BA5-A60B-56E827717A78}.Debug|x64.ActiveCfg = Debug|Any CPU
		{0005301B-37DC-4BA5-A60B-56E827717A78}.Debug|x64.Build.0 = Debug|Any CPU
		{0005301B-37DC-4BA5-A60B-56E827717A78}.Debug|x86.ActiveCfg = Debug|Any CPU
		{0005301B-37DC-4BA5-A60B-56E827717A78}.Debug|x86.Build.0 = Debug|Any CPU
		{0005301B-37DC-4BA5-A60B-56E827717A78}.Release|Any CPU.ActiveCfg = Release|Any CPU
		{0005301B-37DC-4BA5-A60B-56E827717A78}.Release|Any CPU.Build.0 = Release|Any CPU
		{0005301B-37DC-4BA5-A60B-56E827717A78}.Release|x64.ActiveCfg = Release|Any CPU
		{0005301B-37DC-4BA5-A60B-56E827717A78}.Release|x64.Build.0 = Release|Any CPU
		{0005301B-37DC-4BA5-A60B-56E827717A78}.Release|x86.ActiveCfg = Release|Any CPU
		{0005301B-37DC-4BA5-A60B-56E827717A78}.Release|x86.Build.0 = Release|Any CPU
		{0005301B-37DC-4BA5-A60B-56E827717A78}.Unity|Any CPU.ActiveCfg = Release|Any CPU
		{0005301B-37DC-4BA5-A60B-56E827717A78}.Unity|Any CPU.Build.0 = Release|Any CPU
		{0005301B-37DC-4BA5-A60B-56E827717A78}.Unity|x64.ActiveCfg = Unity|Any CPU
		{0005301B-37DC-4BA5-A60B-56E827717A78}.Unity|x64.Build.0 = Unity|Any CPU
		{0005301B-37DC-4BA5-A60B-56E827717A78}.Unity|x86.ActiveCfg = Unity|Any CPU
		{0005301B-37DC-4BA5-A60B-56E827717A78}.Unity|x86.Build.0 = Unity|Any CPU
		{9D0222D8-3620-499D-8288-8F58894267E0}.Debug|Any CPU.ActiveCfg = Debug|Any CPU
		{9D0222D8-3620-499D-8288-8F58894267E0}.Debug|Any CPU.Build.0 = Debug|Any CPU
		{9D0222D8-3620-499D-8288-8F58894267E0}.Debug|x64.ActiveCfg = Debug|Any CPU
		{9D0222D8-3620-499D-8288-8F58894267E0}.Debug|x64.Build.0 = Debug|Any CPU
		{9D0222D8-3620-499D-8288-8F58894267E0}.Debug|x86.ActiveCfg = Debug|Any CPU
		{9D0222D8-3620-499D-8288-8F58894267E0}.Debug|x86.Build.0 = Debug|Any CPU
		{9D0222D8-3620-499D-8288-8F58894267E0}.Release|Any CPU.ActiveCfg = Release|Any CPU
		{9D0222D8-3620-499D-8288-8F58894267E0}.Release|Any CPU.Build.0 = Release|Any CPU
		{9D0222D8-3620-499D-8288-8F58894267E0}.Release|x64.ActiveCfg = Release|Any CPU
		{9D0222D8-3620-499D-8288-8F58894267E0}.Release|x64.Build.0 = Release|Any CPU
		{9D0222D8-3620-499D-8288-8F58894267E0}.Release|x86.ActiveCfg = Release|Any CPU
		{9D0222D8-3620-499D-8288-8F58894267E0}.Release|x86.Build.0 = Release|Any CPU
		{9D0222D8-3620-499D-8288-8F58894267E0}.Unity|Any CPU.ActiveCfg = Release|Any CPU
		{9D0222D8-3620-499D-8288-8F58894267E0}.Unity|Any CPU.Build.0 = Release|Any CPU
		{9D0222D8-3620-499D-8288-8F58894267E0}.Unity|x64.ActiveCfg = Unity|Any CPU
		{9D0222D8-3620-499D-8288-8F58894267E0}.Unity|x64.Build.0 = Unity|Any CPU
		{9D0222D8-3620-499D-8288-8F58894267E0}.Unity|x86.ActiveCfg = Unity|Any CPU
		{9D0222D8-3620-499D-8288-8F58894267E0}.Unity|x86.Build.0 = Unity|Any CPU
		{690C9063-3950-49B7-94D8-EDADA832C8F4}.Debug|Any CPU.ActiveCfg = Debug|Any CPU
		{690C9063-3950-49B7-94D8-EDADA832C8F4}.Debug|Any CPU.Build.0 = Debug|Any CPU
		{690C9063-3950-49B7-94D8-EDADA832C8F4}.Debug|x64.ActiveCfg = Debug|Any CPU
		{690C9063-3950-49B7-94D8-EDADA832C8F4}.Debug|x64.Build.0 = Debug|Any CPU
		{690C9063-3950-49B7-94D8-EDADA832C8F4}.Debug|x86.ActiveCfg = Debug|Any CPU
		{690C9063-3950-49B7-94D8-EDADA832C8F4}.Debug|x86.Build.0 = Debug|Any CPU
		{690C9063-3950-49B7-94D8-EDADA832C8F4}.Release|Any CPU.ActiveCfg = Release|Any CPU
		{690C9063-3950-49B7-94D8-EDADA832C8F4}.Release|Any CPU.Build.0 = Release|Any CPU
		{690C9063-3950-49B7-94D8-EDADA832C8F4}.Release|x64.ActiveCfg = Release|Any CPU
		{690C9063-3950-49B7-94D8-EDADA832C8F4}.Release|x64.Build.0 = Release|Any CPU
		{690C9063-3950-49B7-94D8-EDADA832C8F4}.Release|x86.ActiveCfg = Release|Any CPU
		{690C9063-3950-49B7-94D8-EDADA832C8F4}.Release|x86.Build.0 = Release|Any CPU
		{690C9063-3950-49B7-94D8-EDADA832C8F4}.Unity|Any CPU.ActiveCfg = Release|Any CPU
		{690C9063-3950-49B7-94D8-EDADA832C8F4}.Unity|Any CPU.Build.0 = Release|Any CPU
		{690C9063-3950-49B7-94D8-EDADA832C8F4}.Unity|x64.ActiveCfg = Unity|Any CPU
		{690C9063-3950-49B7-94D8-EDADA832C8F4}.Unity|x64.Build.0 = Unity|Any CPU
		{690C9063-3950-49B7-94D8-EDADA832C8F4}.Unity|x86.ActiveCfg = Unity|Any CPU
		{690C9063-3950-49B7-94D8-EDADA832C8F4}.Unity|x86.Build.0 = Unity|Any CPU
		{E2900184-EAA1-4708-AE68-41D3C747AB7C}.Debug|Any CPU.ActiveCfg = Debug|Any CPU
		{E2900184-EAA1-4708-AE68-41D3C747AB7C}.Debug|Any CPU.Build.0 = Debug|Any CPU
		{E2900184-EAA1-4708-AE68-41D3C747AB7C}.Debug|x64.ActiveCfg = Debug|Any CPU
		{E2900184-EAA1-4708-AE68-41D3C747AB7C}.Debug|x64.Build.0 = Debug|Any CPU
		{E2900184-EAA1-4708-AE68-41D3C747AB7C}.Debug|x86.ActiveCfg = Debug|Any CPU
		{E2900184-EAA1-4708-AE68-41D3C747AB7C}.Debug|x86.Build.0 = Debug|Any CPU
		{E2900184-EAA1-4708-AE68-41D3C747AB7C}.Release|Any CPU.ActiveCfg = Release|Any CPU
		{E2900184-EAA1-4708-AE68-41D3C747AB7C}.Release|Any CPU.Build.0 = Release|Any CPU
		{E2900184-EAA1-4708-AE68-41D3C747AB7C}.Release|x64.ActiveCfg = Release|Any CPU
		{E2900184-EAA1-4708-AE68-41D3C747AB7C}.Release|x64.Build.0 = Release|Any CPU
		{E2900184-EAA1-4708-AE68-41D3C747AB7C}.Release|x86.ActiveCfg = Release|Any CPU
		{E2900184-EAA1-4708-AE68-41D3C747AB7C}.Release|x86.Build.0 = Release|Any CPU
		{E2900184-EAA1-4708-AE68-41D3C747AB7C}.Unity|Any CPU.ActiveCfg = Release|Any CPU
		{E2900184-EAA1-4708-AE68-41D3C747AB7C}.Unity|Any CPU.Build.0 = Release|Any CPU
		{E2900184-EAA1-4708-AE68-41D3C747AB7C}.Unity|x64.ActiveCfg = Unity|Any CPU
		{E2900184-EAA1-4708-AE68-41D3C747AB7C}.Unity|x64.Build.0 = Unity|Any CPU
		{E2900184-EAA1-4708-AE68-41D3C747AB7C}.Unity|x86.ActiveCfg = Unity|Any CPU
		{E2900184-EAA1-4708-AE68-41D3C747AB7C}.Unity|x86.Build.0 = Unity|Any CPU
		{AD80A337-DB71-4665-96EF-88185326A0E2}.Debug|Any CPU.ActiveCfg = Debug|Any CPU
		{AD80A337-DB71-4665-96EF-88185326A0E2}.Debug|Any CPU.Build.0 = Debug|Any CPU
		{AD80A337-DB71-4665-96EF-88185326A0E2}.Debug|x64.ActiveCfg = Debug|Any CPU
		{AD80A337-DB71-4665-96EF-88185326A0E2}.Debug|x64.Build.0 = Debug|Any CPU
		{AD80A337-DB71-4665-96EF-88185326A0E2}.Debug|x86.ActiveCfg = Debug|Any CPU
		{AD80A337-DB71-4665-96EF-88185326A0E2}.Debug|x86.Build.0 = Debug|Any CPU
		{AD80A337-DB71-4665-96EF-88185326A0E2}.Release|Any CPU.ActiveCfg = Release|Any CPU
		{AD80A337-DB71-4665-96EF-88185326A0E2}.Release|Any CPU.Build.0 = Release|Any CPU
		{AD80A337-DB71-4665-96EF-88185326A0E2}.Release|x64.ActiveCfg = Release|Any CPU
		{AD80A337-DB71-4665-96EF-88185326A0E2}.Release|x64.Build.0 = Release|Any CPU
		{AD80A337-DB71-4665-96EF-88185326A0E2}.Release|x86.ActiveCfg = Release|Any CPU
		{AD80A337-DB71-4665-96EF-88185326A0E2}.Release|x86.Build.0 = Release|Any CPU
		{AD80A337-DB71-4665-96EF-88185326A0E2}.Unity|Any CPU.ActiveCfg = Debug|Any CPU
		{AD80A337-DB71-4665-96EF-88185326A0E2}.Unity|Any CPU.Build.0 = Debug|Any CPU
		{AD80A337-DB71-4665-96EF-88185326A0E2}.Unity|x64.ActiveCfg = Debug|Any CPU
		{AD80A337-DB71-4665-96EF-88185326A0E2}.Unity|x64.Build.0 = Debug|Any CPU
		{AD80A337-DB71-4665-96EF-88185326A0E2}.Unity|x86.ActiveCfg = Debug|Any CPU
		{AD80A337-DB71-4665-96EF-88185326A0E2}.Unity|x86.Build.0 = Debug|Any CPU
		{5363AE2E-085D-4A1C-9042-16B44679E3E2}.Debug|Any CPU.ActiveCfg = Debug|Any CPU
		{5363AE2E-085D-4A1C-9042-16B44679E3E2}.Debug|Any CPU.Build.0 = Debug|Any CPU
		{5363AE2E-085D-4A1C-9042-16B44679E3E2}.Debug|x64.ActiveCfg = Debug|Any CPU
		{5363AE2E-085D-4A1C-9042-16B44679E3E2}.Debug|x64.Build.0 = Debug|Any CPU
		{5363AE2E-085D-4A1C-9042-16B44679E3E2}.Debug|x86.ActiveCfg = Debug|Any CPU
		{5363AE2E-085D-4A1C-9042-16B44679E3E2}.Debug|x86.Build.0 = Debug|Any CPU
		{5363AE2E-085D-4A1C-9042-16B44679E3E2}.Release|Any CPU.ActiveCfg = Release|Any CPU
		{5363AE2E-085D-4A1C-9042-16B44679E3E2}.Release|Any CPU.Build.0 = Release|Any CPU
		{5363AE2E-085D-4A1C-9042-16B44679E3E2}.Release|x64.ActiveCfg = Release|Any CPU
		{5363AE2E-085D-4A1C-9042-16B44679E3E2}.Release|x64.Build.0 = Release|Any CPU
		{5363AE2E-085D-4A1C-9042-16B44679E3E2}.Release|x86.ActiveCfg = Release|Any CPU
		{5363AE2E-085D-4A1C-9042-16B44679E3E2}.Release|x86.Build.0 = Release|Any CPU
		{5363AE2E-085D-4A1C-9042-16B44679E3E2}.Unity|Any CPU.ActiveCfg = Debug|Any CPU
		{5363AE2E-085D-4A1C-9042-16B44679E3E2}.Unity|Any CPU.Build.0 = Debug|Any CPU
		{5363AE2E-085D-4A1C-9042-16B44679E3E2}.Unity|x64.ActiveCfg = Debug|Any CPU
		{5363AE2E-085D-4A1C-9042-16B44679E3E2}.Unity|x64.Build.0 = Debug|Any CPU
		{5363AE2E-085D-4A1C-9042-16B44679E3E2}.Unity|x86.ActiveCfg = Debug|Any CPU
		{5363AE2E-085D-4A1C-9042-16B44679E3E2}.Unity|x86.Build.0 = Debug|Any CPU
	EndGlobalSection
	GlobalSection(SolutionProperties) = preSolution
		HideSolutionNode = FALSE
	EndGlobalSection
	GlobalSection(NestedProjects) = preSolution
		{7BB03A3C-B5ED-474D-89B0-C457630C5CFE} = {AAC13F4A-49B2-433D-BE97-31C49D06B09A}
		{9E1B1F62-C2F4-4F84-9523-4842B014289D} = {2B74D10D-0A6B-4E98-A9B6-F1A857948C19}
		{A77052B7-B2C3-4CDB-8FE7-D25D1317EF1B} = {2B74D10D-0A6B-4E98-A9B6-F1A857948C19}
		{9D0222D8-3620-499D-8288-8F58894267E0} = {2B74D10D-0A6B-4E98-A9B6-F1A857948C19}
		{690C9063-3950-49B7-94D8-EDADA832C8F4} = {E4B941B2-E40C-4B8B-B8B5-6D8799C680EB}
		{E2900184-EAA1-4708-AE68-41D3C747AB7C} = {2B74D10D-0A6B-4E98-A9B6-F1A857948C19}
		{AD80A337-DB71-4665-96EF-88185326A0E2} = {E4B941B2-E40C-4B8B-B8B5-6D8799C680EB}
		{5363AE2E-085D-4A1C-9042-16B44679E3E2} = {2B74D10D-0A6B-4E98-A9B6-F1A857948C19}
	EndGlobalSection
	GlobalSection(ExtensibilityGlobals) = postSolution
		SolutionGuid = {1E02DC02-48B5-465D-89DB-0F4E22838E0E}
	EndGlobalSection
EndGlobal
